
Microsoft Visual Studio Solution File, Format Version 12.00
# Visual Studio Version 16
VisualStudioVersion = 16.0.32630.194
MinimumVisualStudioVersion = 10.0.40219.1
Project("{888888A0-9F3D-457C-B088-3A5042F75D52}") = "Bounded_ellipsoid", "Bounded_ellipsoid.pyproj", "{9F22DABE-B126-4CE1-A9AB-99BC3D64EF4E}"
EndProject
Global
	GlobalSection(SolutionConfigurationPlatforms) = preSolution
		Debug|Any CPU = Debug|Any CPU
		Release|Any CPU = Release|Any CPU
	EndGlobalSection
	GlobalSection(ProjectConfigurationPlatforms) = postSolution
		{9F22DABE-B126-4CE1-A9AB-99BC3D64EF4E}.Debug|Any CPU.ActiveCfg = Debug|Any CPU
		{9F22DABE-B126-4CE1-A9AB-99BC3D64EF4E}.Release|Any CPU.ActiveCfg = Release|Any CPU
	EndGlobalSection
	GlobalSection(SolutionProperties) = preSolution
		HideSolutionNode = FALSE
	EndGlobalSection
	GlobalSection(ExtensibilityGlobals) = postSolution
		SolutionGuid = {76E70DF4-829C-49A1-8613-F904A20DC326}
	EndGlobalSection
EndGlobal
